# This file was autogenerated by Stack.
# You should not edit this file by hand.
# For more information, please see the documentation at:
#   https://docs.haskellstack.org/en/stable/lock_files

packages:
- completed:
    hackage: url-2.1.3@sha256:f22aeac9b607527bd5d070f2191cd2f0336f04ed7982cbe4dc4c6bdb5911ac13,644
    pantry-tree:
      size: 202
      sha256: 41b31b25262e47d79e95d4d5f52f42479541acc83f8fe160354ae25402316249
  original:
    hackage: url-2.1.3@sha256:f22aeac9b607527bd5d070f2191cd2f0336f04ed7982cbe4dc4c6bdb5911ac13
snapshots:
- completed:
    size: 506303
    url: https://raw.githubusercontent.com/commercialhaskell/stackage-snapshots/master/lts/12/18.yaml
    sha256: 44c58c3e2bfc57455cb54ce3860847aaf69d9ee11baad238d7d0a82b7034a474
  original: lts-12.18
